
Microsoft Visual Studio Solution File, Format Version 12.00
# Visual Studio Version 16
VisualStudioVersion = 16.0.29020.237
MinimumVisualStudioVersion = 10.0.40219.1
Project("{9A19103F-16F7-4668-BE54-9A1E7A4F7556}") = "UniversityProject", "UniversityProject\UniversityProject.csproj", "{452F8AB3-148E-4EF3-98CC-BE0AF646C3FA}"
EndProject
Global
	GlobalSection(SolutionConfigurationPlatforms) = preSolution
		Debug|Any CPU = Debug|Any CPU
		Release|Any CPU = Release|Any CPU
	EndGlobalSection
	GlobalSection(ProjectConfigurationPlatforms) = postSolution
		{452F8AB3-148E-4EF3-98CC-BE0AF646C3FA}.Debug|Any CPU.ActiveCfg = Debug|Any CPU
		{452F8AB3-148E-4EF3-98CC-BE0AF646C3FA}.Debug|Any CPU.Build.0 = Debug|Any CPU
		{452F8AB3-148E-4EF3-98CC-BE0AF646C3FA}.Release|Any CPU.ActiveCfg = Release|Any CPU
		{452F8AB3-148E-4EF3-98CC-BE0AF646C3FA}.Release|Any CPU.Build.0 = Release|Any CPU
	EndGlobalSection
	GlobalSection(SolutionProperties) = preSolution
		HideSolutionNode = FALSE
	EndGlobalSection
	GlobalSection(ExtensibilityGlobals) = postSolution
		SolutionGuid = {C8944B8F-69AE-400D-97ED-9248E43C8E64}
	EndGlobalSection
EndGlobal
